
Microsoft Visual Studio Solution File, Format Version 12.00
# Visual Studio Version 16
VisualStudioVersion = 16.0.30002.166
MinimumVisualStudioVersion = 10.0.40219.1
Project("{FAE04EC0-301F-11D3-BF4B-00C04F79EFBC}") = "NotificationSignalR", "NotificationSignalR\NotificationSignalR.csproj", "{5BB00758-E8DC-409C-A6D9-6F5B8D43AA6F}"
EndProject
Global
	GlobalSection(SolutionConfigurationPlatforms) = preSolution
		Debug|Any CPU = Debug|Any CPU
		Release|Any CPU = Release|Any CPU
	EndGlobalSection
	GlobalSection(ProjectConfigurationPlatforms) = postSolution
		{5BB00758-E8DC-409C-A6D9-6F5B8D43AA6F}.Debug|Any CPU.ActiveCfg = Debug|Any CPU
		{5BB00758-E8DC-409C-A6D9-6F5B8D43AA6F}.Debug|Any CPU.Build.0 = Debug|Any CPU
		{5BB00758-E8DC-409C-A6D9-6F5B8D43AA6F}.Release|Any CPU.ActiveCfg = Release|Any CPU
		{5BB00758-E8DC-409C-A6D9-6F5B8D43AA6F}.Release|Any CPU.Build.0 = Release|Any CPU
	EndGlobalSection
	GlobalSection(SolutionProperties) = preSolution
		HideSolutionNode = FALSE
	EndGlobalSection
	GlobalSection(ExtensibilityGlobals) = postSolution
		SolutionGuid = {3CD4665E-CC05-4827-A2FA-506DBFBDC31F}
	EndGlobalSection
EndGlobal
